
Microsoft Visual Studio Solution File, Format Version 12.00
# Visual Studio Version 16
VisualStudioVersion = 16.0.30804.86
MinimumVisualStudioVersion = 10.0.40219.1
Project("{FAE04EC0-301F-11D3-BF4B-00C04F79EFBC}") = "Exec2_Game1A2B", "Exec2_Game1A2B\Exec2_Game1A2B.csproj", "{B206BBCB-165E-41ED-B287-890221069C0E}"
EndProject
Global
	GlobalSection(SolutionConfigurationPlatforms) = preSolution
		Debug|Any CPU = Debug|Any CPU
		Release|Any CPU = Release|Any CPU
	EndGlobalSection
	GlobalSection(ProjectConfigurationPlatforms) = postSolution
		{B206BBCB-165E-41ED-B287-890221069C0E}.Debug|Any CPU.ActiveCfg = Debug|Any CPU
		{B206BBCB-165E-41ED-B287-890221069C0E}.Debug|Any CPU.Build.0 = Debug|Any CPU
		{B206BBCB-165E-41ED-B287-890221069C0E}.Release|Any CPU.ActiveCfg = Release|Any CPU
		{B206BBCB-165E-41ED-B287-890221069C0E}.Release|Any CPU.Build.0 = Release|Any CPU
	EndGlobalSection
	GlobalSection(SolutionProperties) = preSolution
		HideSolutionNode = FALSE
	EndGlobalSection
	GlobalSection(ExtensibilityGlobals) = postSolution
		SolutionGuid = {9FFC5082-DB3E-4603-9225-5B4F9CB865A9}
	EndGlobalSection
EndGlobal
